
Microsoft Visual Studio Solution File, Format Version 12.00
# Visual Studio Version 17
VisualStudioVersion = 17.14.36705.20 d17.14
MinimumVisualStudioVersion = 10.0.40219.1
Project("{F14B399A-7131-4C87-9E4B-1186C45EF12D}") = "Projet_BI_SSRS", "Projet_BI_SSRS.rptproj", "{65CC9631-D184-9BA7-0C7F-5B9140E82158}"
EndProject
Global
	GlobalSection(SolutionConfigurationPlatforms) = preSolution
		Debug|Default = Debug|Default
		DebugLocal|Default = DebugLocal|Default
		Release|Default = Release|Default
	EndGlobalSection
	GlobalSection(ProjectConfigurationPlatforms) = postSolution
		{65CC9631-D184-9BA7-0C7F-5B9140E82158}.Debug|Default.ActiveCfg = Debug
		{65CC9631-D184-9BA7-0C7F-5B9140E82158}.Debug|Default.Build.0 = Debug
		{65CC9631-D184-9BA7-0C7F-5B9140E82158}.Debug|Default.Deploy.0 = Debug
		{65CC9631-D184-9BA7-0C7F-5B9140E82158}.DebugLocal|Default.ActiveCfg = DebugLocal
		{65CC9631-D184-9BA7-0C7F-5B9140E82158}.DebugLocal|Default.Build.0 = DebugLocal
		{65CC9631-D184-9BA7-0C7F-5B9140E82158}.Release|Default.ActiveCfg = Release
		{65CC9631-D184-9BA7-0C7F-5B9140E82158}.Release|Default.Build.0 = Release
		{65CC9631-D184-9BA7-0C7F-5B9140E82158}.Release|Default.Deploy.0 = Release
	EndGlobalSection
	GlobalSection(SolutionProperties) = preSolution
		HideSolutionNode = FALSE
	EndGlobalSection
	GlobalSection(ExtensibilityGlobals) = postSolution
		SolutionGuid = {3270DB6F-1FB5-4AE7-BCFE-6CAE4D6518FF}
	EndGlobalSection
EndGlobal
